
Microsoft Visual Studio Solution File, Format Version 12.00
# Visual Studio Version 16
VisualStudioVersion = 16.0.31321.278
MinimumVisualStudioVersion = 10.0.40219.1
Project("{9A19103F-16F7-4668-BE54-9A1E7A4F7556}") = "ManagmentSystemRehmanDental", "ManagmentSystemRehmanDental\ManagmentSystemRehmanDental.csproj", "{B6E39600-FC50-4526-9331-FB64D3868EB6}"
EndProject
Project("{FAE04EC0-301F-11D3-BF4B-00C04F79EFBC}") = "EntityLib", "EntityLib\EntityLib.csproj", "{1B3A8109-8B44-44D2-B836-81F98C2406FA}"
EndProject
Global
	GlobalSection(SolutionConfigurationPlatforms) = preSolution
		Debug|Any CPU = Debug|Any CPU
		Release|Any CPU = Release|Any CPU
	EndGlobalSection
	GlobalSection(ProjectConfigurationPlatforms) = postSolution
		{B6E39600-FC50-4526-9331-FB64D3868EB6}.Debug|Any CPU.ActiveCfg = Debug|Any CPU
		{B6E39600-FC50-4526-9331-FB64D3868EB6}.Debug|Any CPU.Build.0 = Debug|Any CPU
		{B6E39600-FC50-4526-9331-FB64D3868EB6}.Release|Any CPU.ActiveCfg = Release|Any CPU
		{B6E39600-FC50-4526-9331-FB64D3868EB6}.Release|Any CPU.Build.0 = Release|Any CPU
		{1B3A8109-8B44-44D2-B836-81F98C2406FA}.Debug|Any CPU.ActiveCfg = Debug|Any CPU
		{1B3A8109-8B44-44D2-B836-81F98C2406FA}.Debug|Any CPU.Build.0 = Debug|Any CPU
		{1B3A8109-8B44-44D2-B836-81F98C2406FA}.Release|Any CPU.ActiveCfg = Release|Any CPU
		{1B3A8109-8B44-44D2-B836-81F98C2406FA}.Release|Any CPU.Build.0 = Release|Any CPU
	EndGlobalSection
	GlobalSection(SolutionProperties) = preSolution
		HideSolutionNode = FALSE
	EndGlobalSection
	GlobalSection(ExtensibilityGlobals) = postSolution
		SolutionGuid = {35E80BE3-CD0D-495D-B7D4-5C1506667670}
	EndGlobalSection
EndGlobal
